// !$*UTF8*$!
{
	archiveVersion = 1;
	classes = {
	};
	objectVersion = 48;
	objects = {

/* Begin PBXBuildFile section */
		013D1AE620A2725C00939AB6 /* AuthView.swift in Sources */ = {isa = PBXBuildFile; fileRef = 013D1AE520A2725C00939AB6 /* AuthView.swift */; };
		0175C7FF2008F2E40030909E /* EMBClient.h in Headers */ = {isa = PBXBuildFile; fileRef = 0175C7FD2008F2E40030909E /* EMBClient.h */; settings = {ATTRIBUTES = (Public, ); }; };
		0175C8022008F2E40030909E /* EMBClient.framework in Frameworks */ = {isa = PBXBuildFile; fileRef = 0175C7FB2008F2E40030909E /* EMBClient.framework */; };
		0175C8032008F2E40030909E /* EMBClient.framework in Embed Frameworks */ = {isa = PBXBuildFile; fileRef = 0175C7FB2008F2E40030909E /* EMBClient.framework */; settings = {ATTRIBUTES = (CodeSignOnCopy, RemoveHeadersOnCopy, ); }; };
		0175C8072008F2EF0030909E /* EMBClient.swift in Sources */ = {isa = PBXBuildFile; fileRef = 225B807B1F6AA7A900311879 /* EMBClient.swift */; };
		0175C80D2008F50A0030909E /* Utils.swift in Sources */ = {isa = PBXBuildFile; fileRef = 0175C80C2008F50A0030909E /* Utils.swift */; };
		0175C80E2008F6C40030909E /* Post.swift in Sources */ = {isa = PBXBuildFile; fileRef = 226C28A31F695641007C9DBD /* Post.swift */; };
		0175C80F2008F6C70030909E /* Attachment.swift in Sources */ = {isa = PBXBuildFile; fileRef = 22F5F74F1F6D676A00029277 /* Attachment.swift */; };
		0175C8132008F94D0030909E /* Downloader.swift in Sources */ = {isa = PBXBuildFile; fileRef = 2216B1001F73B3B1003C6EFD /* Downloader.swift */; };
		0175C8152008FAEA0030909E /* CoreDataHelper.swift in Sources */ = {isa = PBXBuildFile; fileRef = 0175C8142008FAEA0030909E /* CoreDataHelper.swift */; };
		0175C8172008FD6C0030909E /* EMBUser.swift in Sources */ = {isa = PBXBuildFile; fileRef = 0175C8162008FD6C0030909E /* EMBUser.swift */; };
		0175C8192008FE960030909E /* APIEndpoints.swift in Sources */ = {isa = PBXBuildFile; fileRef = 0175C8182008FE960030909E /* APIEndpoints.swift */; };
		0194B1DB201C1B3200FD3244 /* CariocaMenu.swift in Sources */ = {isa = PBXBuildFile; fileRef = 22FDF2B01F7D27910054A05B /* CariocaMenu.swift */; };
		01ADEDBC20F101870019DEE4 /* StoreKit.framework in Frameworks */ = {isa = PBXBuildFile; fileRef = 01ADEDBB20F101870019DEE4 /* StoreKit.framework */; };
		01C522DF201B4C51001938DE /* RegexConstants.swift in Sources */ = {isa = PBXBuildFile; fileRef = 01C522DE201B4C51001938DE /* RegexConstants.swift */; };
		01C522E3201B4CA6001938DE /* String+HTMLUnEscape.swift in Sources */ = {isa = PBXBuildFile; fileRef = 01C522E2201B4CA6001938DE /* String+HTMLUnEscape.swift */; };
		01C522E5201B4CC0001938DE /* Notification_Name+Extension.swift in Sources */ = {isa = PBXBuildFile; fileRef = 01C522E4201B4CC0001938DE /* Notification_Name+Extension.swift */; };
		01C522EE201B6EB8001938DE /* Attachment+CoreDataProperties.swift in Sources */ = {isa = PBXBuildFile; fileRef = 01C522EA201B6EB8001938DE /* Attachment+CoreDataProperties.swift */; };
		01C522F0201B6EB8001938DE /* Post+CoreDataProperties.swift in Sources */ = {isa = PBXBuildFile; fileRef = 01C522EC201B6EB8001938DE /* Post+CoreDataProperties.swift */; };
		01C522F3201B709D001938DE /* PostRecords.xcdatamodel in Sources */ = {isa = PBXBuildFile; fileRef = 0175C80A2008F4660030909E /* PostRecords.xcdatamodel */; };
		01C522F4201B70A9001938DE /* PostRecords.xcdatamodel in Resources */ = {isa = PBXBuildFile; fileRef = 0175C80A2008F4660030909E /* PostRecords.xcdatamodel */; };
		220981431F6CF12D003769C2 /* FileArchiveCell.swift in Sources */ = {isa = PBXBuildFile; fileRef = 220981421F6CF12D003769C2 /* FileArchiveCell.swift */; };
		2216B1051F73C69E003C6EFD /* BoardCell.swift in Sources */ = {isa = PBXBuildFile; fileRef = 2216B1041F73C69E003C6EFD /* BoardCell.swift */; };
		221A2FC81F87C3480036006A /* BaseViewController.swift in Sources */ = {isa = PBXBuildFile; fileRef = 221A2FC71F87C3480036006A /* BaseViewController.swift */; };
		222BE59A1F84DC4D00926E36 /* PresentAnimator.swift in Sources */ = {isa = PBXBuildFile; fileRef = 222BE5991F84DC4D00926E36 /* PresentAnimator.swift */; };
		223705FE1F6BE8710068B186 /* ViewPostController.swift in Sources */ = {isa = PBXBuildFile; fileRef = 223705FD1F6BE8710068B186 /* ViewPostController.swift */; };
		223706001F6C0C520068B186 /* FileCell.swift in Sources */ = {isa = PBXBuildFile; fileRef = 223705FF1F6C0C520068B186 /* FileCell.swift */; };
		2252AB4B1F751A520060E25B /* MenuViewController.swift in Sources */ = {isa = PBXBuildFile; fileRef = 2252AB4A1F751A520060E25B /* MenuViewController.swift */; };
		225ECD5C1F8E4CD300C72C8C /* SettingsViewController.swift in Sources */ = {isa = PBXBuildFile; fileRef = 225ECD5B1F8E4CD300C72C8C /* SettingsViewController.swift */; };
		226346DF1F8620C500402855 /* Date+TimeAgo.swift in Sources */ = {isa = PBXBuildFile; fileRef = 226346DE1F8620C500402855 /* Date+TimeAgo.swift */; };
		226C288C1F694A53007C9DBD /* AppDelegate.swift in Sources */ = {isa = PBXBuildFile; fileRef = 226C288B1F694A53007C9DBD /* AppDelegate.swift */; };
		226C288E1F694A53007C9DBD /* BoardTableController.swift in Sources */ = {isa = PBXBuildFile; fileRef = 226C288D1F694A53007C9DBD /* BoardTableController.swift */; };
		226C28911F694A53007C9DBD /* Main.storyboard in Resources */ = {isa = PBXBuildFile; fileRef = 226C288F1F694A53007C9DBD /* Main.storyboard */; };
		226C28931F694A53007C9DBD /* Assets.xcassets in Resources */ = {isa = PBXBuildFile; fileRef = 226C28921F694A53007C9DBD /* Assets.xcassets */; };
		226C28961F694A53007C9DBD /* LaunchScreen.storyboard in Resources */ = {isa = PBXBuildFile; fileRef = 226C28941F694A53007C9DBD /* LaunchScreen.storyboard */; };
		226C289E1F69504C007C9DBD /* PostCell.swift in Sources */ = {isa = PBXBuildFile; fileRef = 226C289D1F69504C007C9DBD /* PostCell.swift */; };
		226C28A01F69505F007C9DBD /* LoginViewController.swift in Sources */ = {isa = PBXBuildFile; fileRef = 226C289F1F69505F007C9DBD /* LoginViewController.swift */; };
		226C28A21F69562A007C9DBD /* Constants.swift in Sources */ = {isa = PBXBuildFile; fileRef = 226C28A11F69562A007C9DBD /* Constants.swift */; };
		226C28A61F6956EC007C9DBD /* Extensions.swift in Sources */ = {isa = PBXBuildFile; fileRef = 226C28A51F6956EC007C9DBD /* Extensions.swift */; };
		226C28A81F695819007C9DBD /* Functions.swift in Sources */ = {isa = PBXBuildFile; fileRef = 226C28A71F695819007C9DBD /* Functions.swift */; };
		227EAD8B1F94B3D800C5DF48 /* RSKPlaceholderTextView.swift in Sources */ = {isa = PBXBuildFile; fileRef = 227EAD8A1F94B3D800C5DF48 /* RSKPlaceholderTextView.swift */; };
		229BABB11F7B4BAC00B86534 /* Custom_UI.h in Headers */ = {isa = PBXBuildFile; fileRef = 229BABAF1F7B4BAC00B86534 /* Custom_UI.h */; settings = {ATTRIBUTES = (Public, ); }; };
		229BABB41F7B4BAC00B86534 /* Components.framework in Frameworks */ = {isa = PBXBuildFile; fileRef = 229BABAD1F7B4BAC00B86534 /* Components.framework */; };
		229BABB51F7B4BAC00B86534 /* Components.framework in Embed Frameworks */ = {isa = PBXBuildFile; fileRef = 229BABAD1F7B4BAC00B86534 /* Components.framework */; settings = {ATTRIBUTES = (CodeSignOnCopy, RemoveHeadersOnCopy, ); }; };
		22AFD2F11F837FC900D8C4E8 /* DismissAnimator.swift in Sources */ = {isa = PBXBuildFile; fileRef = 22AFD2F01F837FC900D8C4E8 /* DismissAnimator.swift */; };
		22AFD2F31F8382A100D8C4E8 /* Interactor.swift in Sources */ = {isa = PBXBuildFile; fileRef = 22AFD2F21F8382A100D8C4E8 /* Interactor.swift */; };
		22F5F7461F6CF2E300029277 /* FileArchiveTableViewController.swift in Sources */ = {isa = PBXBuildFile; fileRef = 22F5F7451F6CF2E300029277 /* FileArchiveTableViewController.swift */; };
		22FDA6EA1F761C2300358230 /* FilePreviewController.swift in Sources */ = {isa = PBXBuildFile; fileRef = 22FDA6E91F761C2300358230 /* FilePreviewController.swift */; };
/* End PBXBuildFile section */

/* Begin PBXContainerItemProxy section */
		0175C8002008F2E40030909E /* PBXContainerItemProxy */ = {
			isa = PBXContainerItemProxy;
			containerPortal = 226C28801F694A53007C9DBD /* Project object */;
			proxyType = 1;
			remoteGlobalIDString = 0175C7FA2008F2E40030909E;
			remoteInfo = EMBClient;
		};
		229BABB21F7B4BAC00B86534 /* PBXContainerItemProxy */ = {
			isa = PBXContainerItemProxy;
			containerPortal = 226C28801F694A53007C9DBD /* Project object */;
			proxyType = 1;
			remoteGlobalIDString = 229BABAC1F7B4BAC00B86534;
			remoteInfo = "Custom UI";
		};
/* End PBXContainerItemProxy section */

/* Begin PBXCopyFilesBuildPhase section */
		227431A61F7B248A00AB3BE1 /* Embed Frameworks */ = {
			isa = PBXCopyFilesBuildPhase;
			buildActionMask = 2147483647;
			dstPath = "";
			dstSubfolderSpec = 10;
			files = (
				0175C8032008F2E40030909E /* EMBClient.framework in Embed Frameworks */,
				229BABB51F7B4BAC00B86534 /* Components.framework in Embed Frameworks */,
			);
			name = "Embed Frameworks";
			runOnlyForDeploymentPostprocessing = 0;
		};
/* End PBXCopyFilesBuildPhase section */

/* Begin PBXFileReference section */
		013D1AE520A2725C00939AB6 /* AuthView.swift */ = {isa = PBXFileReference; fileEncoding = 4; lastKnownFileType = sourcecode.swift; path = AuthView.swift; sourceTree = "<group>"; };
		0175C7FB2008F2E40030909E /* EMBClient.framework */ = {isa = PBXFileReference; explicitFileType = wrapper.framework; includeInIndex = 0; path = EMBClient.framework; sourceTree = BUILT_PRODUCTS_DIR; };
		0175C7FD2008F2E40030909E /* EMBClient.h */ = {isa = PBXFileReference; lastKnownFileType = sourcecode.c.h; path = EMBClient.h; sourceTree = "<group>"; };
		0175C7FE2008F2E40030909E /* Info.plist */ = {isa = PBXFileReference; lastKnownFileType = text.plist.xml; path = Info.plist; sourceTree = "<group>"; };
		0175C80A2008F4660030909E /* PostRecords.xcdatamodel */ = {isa = PBXFileReference; lastKnownFileType = wrapper.xcdatamodel; path = PostRecords.xcdatamodel; sourceTree = "<group>"; };
		0175C80C2008F50A0030909E /* Utils.swift */ = {isa = PBXFileReference; lastKnownFileType = sourcecode.swift; path = Utils.swift; sourceTree = "<group>"; };
		0175C8142008FAEA0030909E /* CoreDataHelper.swift */ = {isa = PBXFileReference; lastKnownFileType = sourcecode.swift; path = CoreDataHelper.swift; sourceTree = "<group>"; };
		0175C8162008FD6C0030909E /* EMBUser.swift */ = {isa = PBXFileReference; lastKnownFileType = sourcecode.swift; path = EMBUser.swift; sourceTree = "<group>"; };
		0175C8182008FE960030909E /* APIEndpoints.swift */ = {isa = PBXFileReference; lastKnownFileType = sourcecode.swift; path = APIEndpoints.swift; sourceTree = "<group>"; };
		01ADEDBB20F101870019DEE4 /* StoreKit.framework */ = {isa = PBXFileReference; lastKnownFileType = wrapper.framework; name = StoreKit.framework; path = System/Library/Frameworks/StoreKit.framework; sourceTree = SDKROOT; };
		01C522DE201B4C51001938DE /* RegexConstants.swift */ = {isa = PBXFileReference; lastKnownFileType = sourcecode.swift; path = RegexConstants.swift; sourceTree = "<group>"; };
		01C522E2201B4CA6001938DE /* String+HTMLUnEscape.swift */ = {isa = PBXFileReference; lastKnownFileType = sourcecode.swift; path = "String+HTMLUnEscape.swift"; sourceTree = "<group>"; };
		01C522E4201B4CC0001938DE /* Notification_Name+Extension.swift */ = {isa = PBXFileReference; lastKnownFileType = sourcecode.swift; path = "Notification_Name+Extension.swift"; sourceTree = "<group>"; };
		01C522EA201B6EB8001938DE /* Attachment+CoreDataProperties.swift */ = {isa = PBXFileReference; lastKnownFileType = sourcecode.swift; path = "Attachment+CoreDataProperties.swift"; sourceTree = "<group>"; };
		01C522EC201B6EB8001938DE /* Post+CoreDataProperties.swift */ = {isa = PBXFileReference; lastKnownFileType = sourcecode.swift; path = "Post+CoreDataProperties.swift"; sourceTree = "<group>"; };
		220981421F6CF12D003769C2 /* FileArchiveCell.swift */ = {isa = PBXFileReference; lastKnownFileType = sourcecode.swift; path = FileArchiveCell.swift; sourceTree = "<group>"; };
		2216B1001F73B3B1003C6EFD /* Downloader.swift */ = {isa = PBXFileReference; lastKnownFileType = sourcecode.swift; path = Downloader.swift; sourceTree = "<group>"; };
		2216B1041F73C69E003C6EFD /* BoardCell.swift */ = {isa = PBXFileReference; lastKnownFileType = sourcecode.swift; path = BoardCell.swift; sourceTree = "<group>"; };
		221A2FC71F87C3480036006A /* BaseViewController.swift */ = {isa = PBXFileReference; lastKnownFileType = sourcecode.swift; path = BaseViewController.swift; sourceTree = "<group>"; };
		2221ABA01F6E7E1C0072E818 /* iEMB X.entitlements */ = {isa = PBXFileReference; lastKnownFileType = text.plist.entitlements; path = "iEMB X.entitlements"; sourceTree = "<group>"; };
		222BE5991F84DC4D00926E36 /* PresentAnimator.swift */ = {isa = PBXFileReference; lastKnownFileType = sourcecode.swift; path = PresentAnimator.swift; sourceTree = "<group>"; };
		223705FD1F6BE8710068B186 /* ViewPostController.swift */ = {isa = PBXFileReference; lastKnownFileType = sourcecode.swift; path = ViewPostController.swift; sourceTree = "<group>"; };
		223705FF1F6C0C520068B186 /* FileCell.swift */ = {isa = PBXFileReference; lastKnownFileType = sourcecode.swift; path = FileCell.swift; sourceTree = "<group>"; };
		2252AB4A1F751A520060E25B /* MenuViewController.swift */ = {isa = PBXFileReference; lastKnownFileType = sourcecode.swift; path = MenuViewController.swift; sourceTree = "<group>"; };
		225B807B1F6AA7A900311879 /* EMBClient.swift */ = {isa = PBXFileReference; lastKnownFileType = sourcecode.swift; path = EMBClient.swift; sourceTree = "<group>"; };
		225ECD5B1F8E4CD300C72C8C /* SettingsViewController.swift */ = {isa = PBXFileReference; lastKnownFileType = sourcecode.swift; path = SettingsViewController.swift; sourceTree = "<group>"; };
		226346DE1F8620C500402855 /* Date+TimeAgo.swift */ = {isa = PBXFileReference; lastKnownFileType = sourcecode.swift; path = "Date+TimeAgo.swift"; sourceTree = "<group>"; };
		226C28881F694A53007C9DBD /* iEMB X.app */ = {isa = PBXFileReference; explicitFileType = wrapper.application; includeInIndex = 0; path = "iEMB X.app"; sourceTree = BUILT_PRODUCTS_DIR; };
		226C288B1F694A53007C9DBD /* AppDelegate.swift */ = {isa = PBXFileReference; lastKnownFileType = sourcecode.swift; path = AppDelegate.swift; sourceTree = "<group>"; };
		226C288D1F694A53007C9DBD /* BoardTableController.swift */ = {isa = PBXFileReference; lastKnownFileType = sourcecode.swift; path = BoardTableController.swift; sourceTree = "<group>"; };
		226C28901F694A53007C9DBD /* Base */ = {isa = PBXFileReference; lastKnownFileType = file.storyboard; name = Base; path = Base.lproj/Main.storyboard; sourceTree = "<group>"; };
		226C28921F694A53007C9DBD /* Assets.xcassets */ = {isa = PBXFileReference; lastKnownFileType = folder.assetcatalog; path = Assets.xcassets; sourceTree = "<group>"; };
		226C28951F694A53007C9DBD /* Base */ = {isa = PBXFileReference; lastKnownFileType = file.storyboard; name = Base; path = Base.lproj/LaunchScreen.storyboard; sourceTree = "<group>"; };
		226C28971F694A53007C9DBD /* Info.plist */ = {isa = PBXFileReference; lastKnownFileType = text.plist.xml; path = Info.plist; sourceTree = "<group>"; };
		226C289D1F69504C007C9DBD /* PostCell.swift */ = {isa = PBXFileReference; lastKnownFileType = sourcecode.swift; path = PostCell.swift; sourceTree = "<group>"; };
		226C289F1F69505F007C9DBD /* LoginViewController.swift */ = {isa = PBXFileReference; lastKnownFileType = sourcecode.swift; path = LoginViewController.swift; sourceTree = "<group>"; };
		226C28A11F69562A007C9DBD /* Constants.swift */ = {isa = PBXFileReference; lastKnownFileType = sourcecode.swift; path = Constants.swift; sourceTree = "<group>"; };
		226C28A31F695641007C9DBD /* Post.swift */ = {isa = PBXFileReference; lastKnownFileType = sourcecode.swift; path = Post.swift; sourceTree = "<group>"; };
		226C28A51F6956EC007C9DBD /* Extensions.swift */ = {isa = PBXFileReference; lastKnownFileType = sourcecode.swift; path = Extensions.swift; sourceTree = "<group>"; };
		226C28A71F695819007C9DBD /* Functions.swift */ = {isa = PBXFileReference; lastKnownFileType = sourcecode.swift; path = Functions.swift; sourceTree = "<group>"; };
		227EAD8A1F94B3D800C5DF48 /* RSKPlaceholderTextView.swift */ = {isa = PBXFileReference; fileEncoding = 4; lastKnownFileType = sourcecode.swift; path = RSKPlaceholderTextView.swift; sourceTree = "<group>"; };
		229BABAD1F7B4BAC00B86534 /* Components.framework */ = {isa = PBXFileReference; explicitFileType = wrapper.framework; includeInIndex = 0; path = Components.framework; sourceTree = BUILT_PRODUCTS_DIR; };
		229BABAF1F7B4BAC00B86534 /* Custom_UI.h */ = {isa = PBXFileReference; lastKnownFileType = sourcecode.c.h; path = Custom_UI.h; sourceTree = "<group>"; };
		229BABB01F7B4BAC00B86534 /* Info.plist */ = {isa = PBXFileReference; lastKnownFileType = text.plist.xml; path = Info.plist; sourceTree = "<group>"; };
		22AFD2F01F837FC900D8C4E8 /* DismissAnimator.swift */ = {isa = PBXFileReference; lastKnownFileType = sourcecode.swift; path = DismissAnimator.swift; sourceTree = "<group>"; };
		22AFD2F21F8382A100D8C4E8 /* Interactor.swift */ = {isa = PBXFileReference; lastKnownFileType = sourcecode.swift; path = Interactor.swift; sourceTree = "<group>"; };
		22F5F7451F6CF2E300029277 /* FileArchiveTableViewController.swift */ = {isa = PBXFileReference; lastKnownFileType = sourcecode.swift; path = FileArchiveTableViewController.swift; sourceTree = "<group>"; };
		22F5F74F1F6D676A00029277 /* Attachment.swift */ = {isa = PBXFileReference; lastKnownFileType = sourcecode.swift; path = Attachment.swift; sourceTree = "<group>"; };
		22FDA6E91F761C2300358230 /* FilePreviewController.swift */ = {isa = PBXFileReference; lastKnownFileType = sourcecode.swift; path = FilePreviewController.swift; sourceTree = "<group>"; };
		22FDF2B01F7D27910054A05B /* CariocaMenu.swift */ = {isa = PBXFileReference; lastKnownFileType = sourcecode.swift; path = CariocaMenu.swift; sourceTree = "<group>"; };
/* End PBXFileReference section */

/* Begin PBXFrameworksBuildPhase section */
		0175C7F72008F2E40030909E /* Frameworks */ = {
			isa = PBXFrameworksBuildPhase;
			buildActionMask = 2147483647;
			files = (
			);
			runOnlyForDeploymentPostprocessing = 0;
		};
		227431A21F7B248A00AB3BE1 /* Frameworks */ = {
			isa = PBXFrameworksBuildPhase;
			buildActionMask = 2147483647;
			files = (
				01ADEDBC20F101870019DEE4 /* StoreKit.framework in Frameworks */,
				0175C8022008F2E40030909E /* EMBClient.framework in Frameworks */,
				229BABB41F7B4BAC00B86534 /* Components.framework in Frameworks */,
			);
			runOnlyForDeploymentPostprocessing = 0;
		};
		229BABA91F7B4BAC00B86534 /* Frameworks */ = {
			isa = PBXFrameworksBuildPhase;
			buildActionMask = 2147483647;
			files = (
			);
			runOnlyForDeploymentPostprocessing = 0;
		};
/* End PBXFrameworksBuildPhase section */

/* Begin PBXGroup section */
		0175C7FC2008F2E40030909E /* EMBClient */ = {
			isa = PBXGroup;
			children = (
				0175C80A2008F4660030909E /* PostRecords.xcdatamodel */,
				01C522F1201B6EDE001938DE /* Core Data */,
				01C522E8201B6E52001938DE /* Utilties */,
				0175C8142008FAEA0030909E /* CoreDataHelper.swift */,
				225B807B1F6AA7A900311879 /* EMBClient.swift */,
				0175C8162008FD6C0030909E /* EMBUser.swift */,
				0175C7FD2008F2E40030909E /* EMBClient.h */,
				0175C7FE2008F2E40030909E /* Info.plist */,
			);
			path = EMBClient;
			sourceTree = "<group>";
		};
		01ADEDBA20F101870019DEE4 /* Frameworks */ = {
			isa = PBXGroup;
			children = (
				01ADEDBB20F101870019DEE4 /* StoreKit.framework */,
			);
			name = Frameworks;
			sourceTree = "<group>";
		};
		01C522E8201B6E52001938DE /* Utilties */ = {
			isa = PBXGroup;
			children = (
				01C522E4201B4CC0001938DE /* Notification_Name+Extension.swift */,
				01C522E2201B4CA6001938DE /* String+HTMLUnEscape.swift */,
				01C522DE201B4C51001938DE /* RegexConstants.swift */,
				0175C80C2008F50A0030909E /* Utils.swift */,
				0175C8182008FE960030909E /* APIEndpoints.swift */,
				2216B1001F73B3B1003C6EFD /* Downloader.swift */,
			);
			path = Utilties;
			sourceTree = "<group>";
		};
		01C522F1201B6EDE001938DE /* Core Data */ = {
			isa = PBXGroup;
			children = (
				226C28A31F695641007C9DBD /* Post.swift */,
				22F5F74F1F6D676A00029277 /* Attachment.swift */,
				01C522EA201B6EB8001938DE /* Attachment+CoreDataProperties.swift */,
				01C522EC201B6EB8001938DE /* Post+CoreDataProperties.swift */,
			);
			path = "Core Data";
			sourceTree = "<group>";
		};
		226C287F1F694A53007C9DBD = {
			isa = PBXGroup;
			children = (
				226C288A1F694A53007C9DBD /* iEMB X */,
				0175C7FC2008F2E40030909E /* EMBClient */,
				229BABAE1F7B4BAC00B86534 /* Components */,
				226C28891F694A53007C9DBD /* Products */,
				01ADEDBA20F101870019DEE4 /* Frameworks */,
			);
			sourceTree = "<group>";
		};
		226C28891F694A53007C9DBD /* Products */ = {
			isa = PBXGroup;
			children = (
				226C28881F694A53007C9DBD /* iEMB X.app */,
				229BABAD1F7B4BAC00B86534 /* Components.framework */,
				0175C7FB2008F2E40030909E /* EMBClient.framework */,
			);
			name = Products;
			sourceTree = "<group>";
		};
		226C288A1F694A53007C9DBD /* iEMB X */ = {
			isa = PBXGroup;
			children = (
				2221ABA01F6E7E1C0072E818 /* iEMB X.entitlements */,
				226C288B1F694A53007C9DBD /* AppDelegate.swift */,
				226C28A91F69586A007C9DBD /* Utils */,
				226C288F1F694A53007C9DBD /* Main.storyboard */,
				226C28941F694A53007C9DBD /* LaunchScreen.storyboard */,
				221A2FC71F87C3480036006A /* BaseViewController.swift */,
				226C289F1F69505F007C9DBD /* LoginViewController.swift */,
				2252AB4A1F751A520060E25B /* MenuViewController.swift */,
				2216B1041F73C69E003C6EFD /* BoardCell.swift */,
				226C288D1F694A53007C9DBD /* BoardTableController.swift */,
				226C289D1F69504C007C9DBD /* PostCell.swift */,
				223705FD1F6BE8710068B186 /* ViewPostController.swift */,
				223705FF1F6C0C520068B186 /* FileCell.swift */,
				22F5F7451F6CF2E300029277 /* FileArchiveTableViewController.swift */,
				220981421F6CF12D003769C2 /* FileArchiveCell.swift */,
				225ECD5B1F8E4CD300C72C8C /* SettingsViewController.swift */,
				22FDA6E91F761C2300358230 /* FilePreviewController.swift */,
				22F5F74E1F6D667E00029277 /* Supporting Files */,
			);
			path = "iEMB X";
			sourceTree = "<group>";
		};
		226C28A91F69586A007C9DBD /* Utils */ = {
			isa = PBXGroup;
			children = (
				226C28A71F695819007C9DBD /* Functions.swift */,
				226346DE1F8620C500402855 /* Date+TimeAgo.swift */,
				226C28A11F69562A007C9DBD /* Constants.swift */,
				226C28A51F6956EC007C9DBD /* Extensions.swift */,
			);
			path = Utils;
			sourceTree = "<group>";
		};
		229BABAE1F7B4BAC00B86534 /* Components */ = {
			isa = PBXGroup;
			children = (
				22AFD2EF1F837F9800D8C4E8 /* Transition */,
				013D1AE520A2725C00939AB6 /* AuthView.swift */,
				227EAD8A1F94B3D800C5DF48 /* RSKPlaceholderTextView.swift */,
				22FDF2B01F7D27910054A05B /* CariocaMenu.swift */,
				229BABAF1F7B4BAC00B86534 /* Custom_UI.h */,
				229BABB01F7B4BAC00B86534 /* Info.plist */,
			);
			path = Components;
			sourceTree = "<group>";
		};
		22AFD2EF1F837F9800D8C4E8 /* Transition */ = {
			isa = PBXGroup;
			children = (
				22AFD2F01F837FC900D8C4E8 /* DismissAnimator.swift */,
				222BE5991F84DC4D00926E36 /* PresentAnimator.swift */,
				22AFD2F21F8382A100D8C4E8 /* Interactor.swift */,
			);
			path = Transition;
			sourceTree = "<group>";
		};
		22F5F74E1F6D667E00029277 /* Supporting Files */ = {
			isa = PBXGroup;
			children = (
				226C28921F694A53007C9DBD /* Assets.xcassets */,
				226C28971F694A53007C9DBD /* Info.plist */,
			);
			path = "Supporting Files";
			sourceTree = "<group>";
		};
/* End PBXGroup section */

/* Begin PBXHeadersBuildPhase section */
		0175C7F82008F2E40030909E /* Headers */ = {
			isa = PBXHeadersBuildPhase;
			buildActionMask = 2147483647;
			files = (
				0175C7FF2008F2E40030909E /* EMBClient.h in Headers */,
			);
			runOnlyForDeploymentPostprocessing = 0;
		};
		229BABAA1F7B4BAC00B86534 /* Headers */ = {
			isa = PBXHeadersBuildPhase;
			buildActionMask = 2147483647;
			files = (
				229BABB11F7B4BAC00B86534 /* Custom_UI.h in Headers */,
			);
			runOnlyForDeploymentPostprocessing = 0;
		};
/* End PBXHeadersBuildPhase section */

/* Begin PBXNativeTarget section */
		0175C7FA2008F2E40030909E /* EMBClient */ = {
			isa = PBXNativeTarget;
			buildConfigurationList = 0175C8062008F2E40030909E /* Build configuration list for PBXNativeTarget "EMBClient" */;
			buildPhases = (
				0175C7F62008F2E40030909E /* Sources */,
				0175C7F72008F2E40030909E /* Frameworks */,
				0175C7F82008F2E40030909E /* Headers */,
				0175C7F92008F2E40030909E /* Resources */,
			);
			buildRules = (
			);
			dependencies = (
			);
			name = EMBClient;
			productName = EMBClient;
			productReference = 0175C7FB2008F2E40030909E /* EMBClient.framework */;
			productType = "com.apple.product-type.framework";
		};
		226C28871F694A53007C9DBD /* iEMB X */ = {
			isa = PBXNativeTarget;
			buildConfigurationList = 226C289A1F694A53007C9DBD /* Build configuration list for PBXNativeTarget "iEMB X" */;
			buildPhases = (
				226C28841F694A53007C9DBD /* Sources */,
				226C28861F694A53007C9DBD /* Resources */,
				227431A21F7B248A00AB3BE1 /* Frameworks */,
				227431A61F7B248A00AB3BE1 /* Embed Frameworks */,
			);
			buildRules = (
			);
			dependencies = (
				229BABB31F7B4BAC00B86534 /* PBXTargetDependency */,
				0175C8012008F2E40030909E /* PBXTargetDependency */,
			);
			name = "iEMB X";
			productName = "iEMB X";
			productReference = 226C28881F694A53007C9DBD /* iEMB X.app */;
			productType = "com.apple.product-type.application";
		};
		229BABAC1F7B4BAC00B86534 /* Components */ = {
			isa = PBXNativeTarget;
			buildConfigurationList = 229BABB81F7B4BAC00B86534 /* Build configuration list for PBXNativeTarget "Components" */;
			buildPhases = (
				229BABA81F7B4BAC00B86534 /* Sources */,
				229BABA91F7B4BAC00B86534 /* Frameworks */,
				229BABAA1F7B4BAC00B86534 /* Headers */,
				229BABAB1F7B4BAC00B86534 /* Resources */,
			);
			buildRules = (
			);
			dependencies = (
			);
			name = Components;
			productName = "Custom UI";
			productReference = 229BABAD1F7B4BAC00B86534 /* Components.framework */;
			productType = "com.apple.product-type.framework";
		};
/* End PBXNativeTarget section */

/* Begin PBXProject section */
		226C28801F694A53007C9DBD /* Project object */ = {
			isa = PBXProject;
			attributes = {
				LastSwiftUpdateCheck = 0900;
				LastUpgradeCheck = 0930;
				ORGANIZATIONNAME = "Chen Zerui";
				TargetAttributes = {
					0175C7FA2008F2E40030909E = {
						CreatedOnToolsVersion = 9.2;
						LastSwiftMigration = 1010;
						ProvisioningStyle = Automatic;
					};
					226C28871F694A53007C9DBD = {
						CreatedOnToolsVersion = 9.0;
						LastSwiftMigration = 1010;
						ProvisioningStyle = Automatic;
						SystemCapabilities = {
							com.apple.ApplicationGroups.iOS = {
								enabled = 0;
							};
							com.apple.BackgroundModes = {
								enabled = 1;
							};
							com.apple.InAppPurchase = {
								enabled = 1;
							};
						};
					};
					229BABAC1F7B4BAC00B86534 = {
						CreatedOnToolsVersion = 9.0;
						LastSwiftMigration = 1010;
						ProvisioningStyle = Automatic;
					};
				};
			};
			buildConfigurationList = 226C28831F694A53007C9DBD /* Build configuration list for PBXProject "iEMB X" */;
			compatibilityVersion = "Xcode 8.0";
			developmentRegion = en;
			hasScannedForEncodings = 0;
			knownRegions = (
				en,
				Base,
			);
			mainGroup = 226C287F1F694A53007C9DBD;
			productRefGroup = 226C28891F694A53007C9DBD /* Products */;
			projectDirPath = "";
			projectRoot = "";
			targets = (
				226C28871F694A53007C9DBD /* iEMB X */,
				229BABAC1F7B4BAC00B86534 /* Components */,
				0175C7FA2008F2E40030909E /* EMBClient */,
			);
		};
/* End PBXProject section */

/* Begin PBXResourcesBuildPhase section */
		0175C7F92008F2E40030909E /* Resources */ = {
			isa = PBXResourcesBuildPhase;
			buildActionMask = 2147483647;
			files = (
			);
			runOnlyForDeploymentPostprocessing = 0;
		};
		226C28861F694A53007C9DBD /* Resources */ = {
			isa = PBXResourcesBuildPhase;
			buildActionMask = 2147483647;
			files = (
				01C522F4201B70A9001938DE /* PostRecords.xcdatamodel in Resources */,
				226C28961F694A53007C9DBD /* LaunchScreen.storyboard in Resources */,
				226C28931F694A53007C9DBD /* Assets.xcassets in Resources */,
				226C28911F694A53007C9DBD /* Main.storyboard in Resources */,
			);
			runOnlyForDeploymentPostprocessing = 0;
		};
		229BABAB1F7B4BAC00B86534 /* Resources */ = {
			isa = PBXResourcesBuildPhase;
			buildActionMask = 2147483647;
			files = (
			);
			runOnlyForDeploymentPostprocessing = 0;
		};
/* End PBXResourcesBuildPhase section */

/* Begin PBXSourcesBuildPhase section */
		0175C7F62008F2E40030909E /* Sources */ = {
			isa = PBXSourcesBuildPhase;
			buildActionMask = 2147483647;
			files = (
				0175C80F2008F6C70030909E /* Attachment.swift in Sources */,
				01C522DF201B4C51001938DE /* RegexConstants.swift in Sources */,
				01C522E5201B4CC0001938DE /* Notification_Name+Extension.swift in Sources */,
				01C522E3201B4CA6001938DE /* String+HTMLUnEscape.swift in Sources */,
				0175C8132008F94D0030909E /* Downloader.swift in Sources */,
				0175C8152008FAEA0030909E /* CoreDataHelper.swift in Sources */,
				0175C80E2008F6C40030909E /* Post.swift in Sources */,
				01C522F0201B6EB8001938DE /* Post+CoreDataProperties.swift in Sources */,
				0175C8192008FE960030909E /* APIEndpoints.swift in Sources */,
				01C522EE201B6EB8001938DE /* Attachment+CoreDataProperties.swift in Sources */,
				0175C8072008F2EF0030909E /* EMBClient.swift in Sources */,
				01C522F3201B709D001938DE /* PostRecords.xcdatamodel in Sources */,
				0175C80D2008F50A0030909E /* Utils.swift in Sources */,
				0175C8172008FD6C0030909E /* EMBUser.swift in Sources */,
			);
			runOnlyForDeploymentPostprocessing = 0;
		};
		226C28841F694A53007C9DBD /* Sources */ = {
			isa = PBXSourcesBuildPhase;
			buildActionMask = 2147483647;
			files = (
				2252AB4B1F751A520060E25B /* MenuViewController.swift in Sources */,
				226C28A01F69505F007C9DBD /* LoginViewController.swift in Sources */,
				2216B1051F73C69E003C6EFD /* BoardCell.swift in Sources */,
				226C288E1F694A53007C9DBD /* BoardTableController.swift in Sources */,
				222BE59A1F84DC4D00926E36 /* PresentAnimator.swift in Sources */,
				220981431F6CF12D003769C2 /* FileArchiveCell.swift in Sources */,
				226346DF1F8620C500402855 /* Date+TimeAgo.swift in Sources */,
				226C288C1F694A53007C9DBD /* AppDelegate.swift in Sources */,
				226C28A81F695819007C9DBD /* Functions.swift in Sources */,
				22AFD2F31F8382A100D8C4E8 /* Interactor.swift in Sources */,
				221A2FC81F87C3480036006A /* BaseViewController.swift in Sources */,
				226C28A21F69562A007C9DBD /* Constants.swift in Sources */,
				226C289E1F69504C007C9DBD /* PostCell.swift in Sources */,
				22F5F7461F6CF2E300029277 /* FileArchiveTableViewController.swift in Sources */,
				22AFD2F11F837FC900D8C4E8 /* DismissAnimator.swift in Sources */,
				22FDA6EA1F761C2300358230 /* FilePreviewController.swift in Sources */,
				223705FE1F6BE8710068B186 /* ViewPostController.swift in Sources */,
				223706001F6C0C520068B186 /* FileCell.swift in Sources */,
				226C28A61F6956EC007C9DBD /* Extensions.swift in Sources */,
				225ECD5C1F8E4CD300C72C8C /* SettingsViewController.swift in Sources */,
			);
			runOnlyForDeploymentPostprocessing = 0;
		};
		229BABA81F7B4BAC00B86534 /* Sources */ = {
			isa = PBXSourcesBuildPhase;
			buildActionMask = 2147483647;
			files = (
				227EAD8B1F94B3D800C5DF48 /* RSKPlaceholderTextView.swift in Sources */,
				0194B1DB201C1B3200FD3244 /* CariocaMenu.swift in Sources */,
				013D1AE620A2725C00939AB6 /* AuthView.swift in Sources */,
			);
			runOnlyForDeploymentPostprocessing = 0;
		};
/* End PBXSourcesBuildPhase section */

/* Begin PBXTargetDependency section */
		0175C8012008F2E40030909E /* PBXTargetDependency */ = {
			isa = PBXTargetDependency;
			target = 0175C7FA2008F2E40030909E /* EMBClient */;
			targetProxy = 0175C8002008F2E40030909E /* PBXContainerItemProxy */;
		};
		229BABB31F7B4BAC00B86534 /* PBXTargetDependency */ = {
			isa = PBXTargetDependency;
			target = 229BABAC1F7B4BAC00B86534 /* Components */;
			targetProxy = 229BABB21F7B4BAC00B86534 /* PBXContainerItemProxy */;
		};
/* End PBXTargetDependency section */

/* Begin PBXVariantGroup section */
		226C288F1F694A53007C9DBD /* Main.storyboard */ = {
			isa = PBXVariantGroup;
			children = (
				226C28901F694A53007C9DBD /* Base */,
			);
			name = Main.storyboard;
			sourceTree = "<group>";
		};
		226C28941F694A53007C9DBD /* LaunchScreen.storyboard */ = {
			isa = PBXVariantGroup;
			children = (
				226C28951F694A53007C9DBD /* Base */,
			);
			name = LaunchScreen.storyboard;
			sourceTree = "<group>";
		};
/* End PBXVariantGroup section */

/* Begin XCBuildConfiguration section */
		0175C8042008F2E40030909E /* Debug */ = {
			isa = XCBuildConfiguration;
			buildSettings = {
				CODE_SIGN_IDENTITY = "";
				CODE_SIGN_STYLE = Automatic;
				CURRENT_PROJECT_VERSION = 1;
				DEFINES_MODULE = YES;
				DEVELOPMENT_TEAM = 789MW96BQB;
				DYLIB_COMPATIBILITY_VERSION = 1;
				DYLIB_CURRENT_VERSION = 1;
				DYLIB_INSTALL_NAME_BASE = "@rpath";
				INFOPLIST_FILE = EMBClient/Info.plist;
				INSTALL_PATH = "$(LOCAL_LIBRARY_DIR)/Frameworks";
				IPHONEOS_DEPLOYMENT_TARGET = 11.0;
				LD_RUNPATH_SEARCH_PATHS = "$(inherited) @executable_path/Frameworks @loader_path/Frameworks";
				PRODUCT_BUNDLE_IDENTIFIER = com.Zerui.EMBClient;
				PRODUCT_NAME = "$(TARGET_NAME:c99extidentifier)";
				SKIP_INSTALL = YES;
				SWIFT_VERSION = 4.2;
				TARGETED_DEVICE_FAMILY = "1,2";
				VERSIONING_SYSTEM = "apple-generic";
				VERSION_INFO_PREFIX = "";
			};
			name = Debug;
		};
		0175C8052008F2E40030909E /* Release */ = {
			isa = XCBuildConfiguration;
			buildSettings = {
				CODE_SIGN_IDENTITY = "";
				CODE_SIGN_STYLE = Automatic;
				CURRENT_PROJECT_VERSION = 1;
				DEFINES_MODULE = YES;
				DEVELOPMENT_TEAM = 789MW96BQB;
				DYLIB_COMPATIBILITY_VERSION = 1;
				DYLIB_CURRENT_VERSION = 1;
				DYLIB_INSTALL_NAME_BASE = "@rpath";
				INFOPLIST_FILE = EMBClient/Info.plist;
				INSTALL_PATH = "$(LOCAL_LIBRARY_DIR)/Frameworks";
				IPHONEOS_DEPLOYMENT_TARGET = 11.0;
				LD_RUNPATH_SEARCH_PATHS = "$(inherited) @executable_path/Frameworks @loader_path/Frameworks";
				PRODUCT_BUNDLE_IDENTIFIER = com.Zerui.EMBClient;
				PRODUCT_NAME = "$(TARGET_NAME:c99extidentifier)";
				SKIP_INSTALL = YES;
				SWIFT_VERSION = 4.2;
				TARGETED_DEVICE_FAMILY = "1,2";
				VERSIONING_SYSTEM = "apple-generic";
				VERSION_INFO_PREFIX = "";
			};
			name = Release;
		};
		226C28981F694A53007C9DBD /* Debug */ = {
			isa = XCBuildConfiguration;
			buildSettings = {
				ALWAYS_SEARCH_USER_PATHS = NO;
				CLANG_ANALYZER_NONNULL = YES;
				CLANG_ANALYZER_NUMBER_OBJECT_CONVERSION = YES_AGGRESSIVE;
				CLANG_CXX_LANGUAGE_STANDARD = "gnu++14";
				CLANG_CXX_LIBRARY = "libc++";
				CLANG_ENABLE_MODULES = YES;
				CLANG_ENABLE_OBJC_ARC = YES;
				CLANG_WARN_BLOCK_CAPTURE_AUTORELEASING = YES;
				CLANG_WARN_BOOL_CONVERSION = YES;
				CLANG_WARN_COMMA = YES;
				CLANG_WARN_CONSTANT_CONVERSION = YES;
				CLANG_WARN_DEPRECATED_OBJC_IMPLEMENTATIONS = YES;
				CLANG_WARN_DIRECT_OBJC_ISA_USAGE = YES_ERROR;
				CLANG_WARN_DOCUMENTATION_COMMENTS = YES;
				CLANG_WARN_EMPTY_BODY = YES;
				CLANG_WARN_ENUM_CONVERSION = YES;
				CLANG_WARN_INFINITE_RECURSION = YES;
				CLANG_WARN_INT_CONVERSION = YES;
				CLANG_WARN_NON_LITERAL_NULL_CONVERSION = YES;
				CLANG_WARN_OBJC_IMPLICIT_RETAIN_SELF = YES;
				CLANG_WARN_OBJC_LITERAL_CONVERSION = YES;
				CLANG_WARN_OBJC_ROOT_CLASS = YES_ERROR;
				CLANG_WARN_RANGE_LOOP_ANALYSIS = YES;
				CLANG_WARN_STRICT_PROTOTYPES = YES;
				CLANG_WARN_SUSPICIOUS_MOVE = YES;
				CLANG_WARN_UNGUARDED_AVAILABILITY = YES_AGGRESSIVE;
				CLANG_WARN_UNREACHABLE_CODE = YES;
				CLANG_WARN__DUPLICATE_METHOD_MATCH = YES;
				CODE_SIGN_IDENTITY = "iPhone Developer";
				COPY_PHASE_STRIP = NO;
				DEBUG_INFORMATION_FORMAT = dwarf;
				ENABLE_STRICT_OBJC_MSGSEND = YES;
				ENABLE_TESTABILITY = YES;
				GCC_C_LANGUAGE_STANDARD = gnu11;
				GCC_DYNAMIC_NO_PIC = NO;
				GCC_NO_COMMON_BLOCKS = YES;
				GCC_OPTIMIZATION_LEVEL = 0;
				GCC_PREPROCESSOR_DEFINITIONS = (
					"DEBUG=1",
					"$(inherited)",
				);
				GCC_WARN_64_TO_32_BIT_CONVERSION = YES;
				GCC_WARN_ABOUT_RETURN_TYPE = YES_ERROR;
				GCC_WARN_UNDECLARED_SELECTOR = YES;
				GCC_WARN_UNINITIALIZED_AUTOS = YES_AGGRESSIVE;
				GCC_WARN_UNUSED_FUNCTION = YES;
				GCC_WARN_UNUSED_VARIABLE = YES;
				IPHONEOS_DEPLOYMENT_TARGET = 11.0;
				MTL_ENABLE_DEBUG_INFO = YES;
				ONLY_ACTIVE_ARCH = YES;
				SDKROOT = iphoneos;
				SWIFT_ACTIVE_COMPILATION_CONDITIONS = DEBUG;
				SWIFT_OPTIMIZATION_LEVEL = "-Onone";
				SWIFT_PRECOMPILE_BRIDGING_HEADER = NO;
			};
			name = Debug;
		};
		226C28991F694A53007C9DBD /* Release */ = {
			isa = XCBuildConfiguration;
			buildSettings = {
				ALWAYS_SEARCH_USER_PATHS = NO;
				CLANG_ANALYZER_NONNULL = YES;
				CLANG_ANALYZER_NUMBER_OBJECT_CONVERSION = YES_AGGRESSIVE;
				CLANG_CXX_LANGUAGE_STANDARD = "gnu++14";
				CLANG_CXX_LIBRARY = "libc++";
				CLANG_ENABLE_MODULES = YES;
				CLANG_ENABLE_OBJC_ARC = YES;
				CLANG_WARN_BLOCK_CAPTURE_AUTORELEASING = YES;
				CLANG_WARN_BOOL_CONVERSION = YES;
				CLANG_WARN_COMMA = YES;
				CLANG_WARN_CONSTANT_CONVERSION = YES;
				CLANG_WARN_DEPRECATED_OBJC_IMPLEMENTATIONS = YES;
				CLANG_WARN_DIRECT_OBJC_ISA_USAGE = YES_ERROR;
				CLANG_WARN_DOCUMENTATION_COMMENTS = YES;
				CLANG_WARN_EMPTY_BODY = YES;
				CLANG_WARN_ENUM_CONVERSION = YES;
				CLANG_WARN_INFINITE_RECURSION = YES;
				CLANG_WARN_INT_CONVERSION = YES;
				CLANG_WARN_NON_LITERAL_NULL_CONVERSION = YES;
				CLANG_WARN_OBJC_IMPLICIT_RETAIN_SELF = YES;
				CLANG_WARN_OBJC_LITERAL_CONVERSION = YES;
				CLANG_WARN_OBJC_ROOT_CLASS = YES_ERROR;
				CLANG_WARN_RANGE_LOOP_ANALYSIS = YES;
				CLANG_WARN_STRICT_PROTOTYPES = YES;
				CLANG_WARN_SUSPICIOUS_MOVE = YES;
				CLANG_WARN_UNGUARDED_AVAILABILITY = YES_AGGRESSIVE;
				CLANG_WARN_UNREACHABLE_CODE = YES;
				CLANG_WARN__DUPLICATE_METHOD_MATCH = YES;
				CODE_SIGN_IDENTITY = "iPhone Developer";
				COPY_PHASE_STRIP = NO;
				DEBUG_INFORMATION_FORMAT = "dwarf-with-dsym";
				ENABLE_NS_ASSERTIONS = NO;
				ENABLE_STRICT_OBJC_MSGSEND = YES;
				GCC_C_LANGUAGE_STANDARD = gnu11;
				GCC_NO_COMMON_BLOCKS = YES;
				GCC_WARN_64_TO_32_BIT_CONVERSION = YES;
				GCC_WARN_ABOUT_RETURN_TYPE = YES_ERROR;
				GCC_WARN_UNDECLARED_SELECTOR = YES;
				GCC_WARN_UNINITIALIZED_AUTOS = YES_AGGRESSIVE;
				GCC_WARN_UNUSED_FUNCTION = YES;
				GCC_WARN_UNUSED_VARIABLE = YES;
				IPHONEOS_DEPLOYMENT_TARGET = 11.0;
				MTL_ENABLE_DEBUG_INFO = NO;
				SDKROOT = iphoneos;
				SWIFT_OPTIMIZATION_LEVEL = "-Owholemodule";
				SWIFT_PRECOMPILE_BRIDGING_HEADER = NO;
				VALIDATE_PRODUCT = YES;
			};
			name = Release;
		};
		226C289B1F694A53007C9DBD /* Debug */ = {
			isa = XCBuildConfiguration;
			buildSettings = {
				ALWAYS_EMBED_SWIFT_STANDARD_LIBRARIES = YES;
				ASSETCATALOG_COMPILER_APPICON_NAME = AppIcon;
				CLANG_ENABLE_MODULES = YES;
				CODE_SIGN_STYLE = Automatic;
				DEVELOPMENT_TEAM = 789MW96BQB;
				INFOPLIST_FILE = "$(SRCROOT)/iEMB X/Supporting Files/Info.plist";
				IPHONEOS_DEPLOYMENT_TARGET = 11.0;
				LD_RUNPATH_SEARCH_PATHS = "$(inherited) @executable_path/Frameworks";
				PRODUCT_BUNDLE_IDENTIFIER = "com.Zerui.iEMB-X";
				PRODUCT_NAME = "$(TARGET_NAME)";
				SWIFT_OBJC_BRIDGING_HEADER = "";
				SWIFT_OPTIMIZATION_LEVEL = "-Onone";
				SWIFT_VERSION = 4.2;
				TARGETED_DEVICE_FAMILY = 1;
			};
			name = Debug;
		};
		226C289C1F694A53007C9DBD /* Release */ = {
			isa = XCBuildConfiguration;
			buildSettings = {
				ALWAYS_EMBED_SWIFT_STANDARD_LIBRARIES = YES;
				ASSETCATALOG_COMPILER_APPICON_NAME = AppIcon;
				CLANG_ENABLE_MODULES = YES;
				CODE_SIGN_STYLE = Automatic;
				DEVELOPMENT_TEAM = 789MW96BQB;
				INFOPLIST_FILE = "$(SRCROOT)/iEMB X/Supporting Files/Info.plist";
				IPHONEOS_DEPLOYMENT_TARGET = 11.0;
				LD_RUNPATH_SEARCH_PATHS = "$(inherited) @executable_path/Frameworks";
				PRODUCT_BUNDLE_IDENTIFIER = "com.Zerui.iEMB-X";
				PRODUCT_NAME = "$(TARGET_NAME)";
				SWIFT_OBJC_BRIDGING_HEADER = "";
				SWIFT_VERSION = 4.2;
				TARGETED_DEVICE_FAMILY = 1;
			};
			name = Release;
		};
		229BABB61F7B4BAC00B86534 /* Debug */ = {
			isa = XCBuildConfiguration;
			buildSettings = {
				CLANG_ENABLE_MODULES = YES;
				CODE_SIGN_IDENTITY = "";
				CODE_SIGN_STYLE = Automatic;
				CURRENT_PROJECT_VERSION = 1;
				DEFINES_MODULE = YES;
				DEVELOPMENT_TEAM = 789MW96BQB;
				DYLIB_COMPATIBILITY_VERSION = 1;
				DYLIB_CURRENT_VERSION = 1;
				DYLIB_INSTALL_NAME_BASE = "@rpath";
				INFOPLIST_FILE = "$(SRCROOT)/Components/Info.plist";
				INSTALL_PATH = "$(LOCAL_LIBRARY_DIR)/Frameworks";
				IPHONEOS_DEPLOYMENT_TARGET = 11.0;
				LD_RUNPATH_SEARCH_PATHS = "$(inherited) @executable_path/Frameworks @loader_path/Frameworks";
				PRODUCT_BUNDLE_IDENTIFIER = "com.Zerui.Custom-UI";
				PRODUCT_NAME = "$(TARGET_NAME:c99extidentifier)";
				SKIP_INSTALL = YES;
				SWIFT_OPTIMIZATION_LEVEL = "-Onone";
				SWIFT_VERSION = 4.2;
				TARGETED_DEVICE_FAMILY = "1,2";
				VERSIONING_SYSTEM = "apple-generic";
				VERSION_INFO_PREFIX = "";
			};
			name = Debug;
		};
		229BABB71F7B4BAC00B86534 /* Release */ = {
			isa = XCBuildConfiguration;
			buildSettings = {
				CLANG_ENABLE_MODULES = YES;
				CODE_SIGN_IDENTITY = "";
				CODE_SIGN_STYLE = Automatic;
				CURRENT_PROJECT_VERSION = 1;
				DEFINES_MODULE = YES;
				DEVELOPMENT_TEAM = 789MW96BQB;
				DYLIB_COMPATIBILITY_VERSION = 1;
				DYLIB_CURRENT_VERSION = 1;
				DYLIB_INSTALL_NAME_BASE = "@rpath";
				INFOPLIST_FILE = "$(SRCROOT)/Components/Info.plist";
				INSTALL_PATH = "$(LOCAL_LIBRARY_DIR)/Frameworks";
				IPHONEOS_DEPLOYMENT_TARGET = 11.0;
				LD_RUNPATH_SEARCH_PATHS = "$(inherited) @executable_path/Frameworks @loader_path/Frameworks";
				PRODUCT_BUNDLE_IDENTIFIER = "com.Zerui.Custom-UI";
				PRODUCT_NAME = "$(TARGET_NAME:c99extidentifier)";
				SKIP_INSTALL = YES;
				SWIFT_VERSION = 4.2;
				TARGETED_DEVICE_FAMILY = "1,2";
				VERSIONING_SYSTEM = "apple-generic";
				VERSION_INFO_PREFIX = "";
			};
			name = Release;
		};
/* End XCBuildConfiguration section */

/* Begin XCConfigurationList section */
		0175C8062008F2E40030909E /* Build configuration list for PBXNativeTarget "EMBClient" */ = {
			isa = XCConfigurationList;
			buildConfigurations = (
				0175C8042008F2E40030909E /* Debug */,
				0175C8052008F2E40030909E /* Release */,
			);
			defaultConfigurationIsVisible = 0;
			defaultConfigurationName = Release;
		};
		226C28831F694A53007C9DBD /* Build configuration list for PBXProject "iEMB X" */ = {
			isa = XCConfigurationList;
			buildConfigurations = (
				226C28981F694A53007C9DBD /* Debug */,
				226C28991F694A53007C9DBD /* Release */,
			);
			defaultConfigurationIsVisible = 0;
			defaultConfigurationName = Release;
		};
		226C289A1F694A53007C9DBD /* Build configuration list for PBXNativeTarget "iEMB X" */ = {
			isa = XCConfigurationList;
			buildConfigurations = (
				226C289B1F694A53007C9DBD /* Debug */,
				226C289C1F694A53007C9DBD /* Release */,
			);
			defaultConfigurationIsVisible = 0;
			defaultConfigurationName = Release;
		};
		229BABB81F7B4BAC00B86534 /* Build configuration list for PBXNativeTarget "Components" */ = {
			isa = XCConfigurationList;
			buildConfigurations = (
				229BABB61F7B4BAC00B86534 /* Debug */,
				229BABB71F7B4BAC00B86534 /* Release */,
			);
			defaultConfigurationIsVisible = 0;
			defaultConfigurationName = Release;
		};
/* End XCConfigurationList section */
	};
	rootObject = 226C28801F694A53007C9DBD /* Project object */;
}
